
Microsoft Visual Studio Solution File, Format Version 12.00
# Visual Studio Version 17
VisualStudioVersion = 17.9.34728.123
MinimumVisualStudioVersion = 10.0.40219.1
Project("{FAE04EC0-301F-11D3-BF4B-00C04F79EFBC}") = "CatalogService", "CatalogService\CatalogService.csproj", "{B56184AF-CD4D-4E57-9B3E-15BEE5672719}"
EndProject
Project("{FAE04EC0-301F-11D3-BF4B-00C04F79EFBC}") = "BookingService", "BookingService\BookingService.csproj", "{B34E21A2-5F84-4EB1-B142-7442280B89A4}"
EndProject
Project("{FAE04EC0-301F-11D3-BF4B-00C04F79EFBC}") = "EmailService", "EmailService\EmailService.csproj", "{993F8A55-A020-4862-8F70-5E80F18959BF}"
EndProject
Project("{FAE04EC0-301F-11D3-BF4B-00C04F79EFBC}") = "UserService", "UserService\UserService.csproj", "{ED766934-055C-45C9-8836-3CC2190E7F82}"
EndProject
Project("{FAE04EC0-301F-11D3-BF4B-00C04F79EFBC}") = "ApiGateway", "ApiGateway\ApiGateway.csproj", "{F2C8E68C-E885-4BB3-B1FB-B38F9F209C65}"
EndProject
Global
	GlobalSection(SolutionConfigurationPlatforms) = preSolution
		Debug|Any CPU = Debug|Any CPU
		Release|Any CPU = Release|Any CPU
	EndGlobalSection
	GlobalSection(ProjectConfigurationPlatforms) = postSolution
		{B56184AF-CD4D-4E57-9B3E-15BEE5672719}.Debug|Any CPU.ActiveCfg = Debug|Any CPU
		{B56184AF-CD4D-4E57-9B3E-15BEE5672719}.Debug|Any CPU.Build.0 = Debug|Any CPU
		{B56184AF-CD4D-4E57-9B3E-15BEE5672719}.Release|Any CPU.ActiveCfg = Release|Any CPU
		{B56184AF-CD4D-4E57-9B3E-15BEE5672719}.Release|Any CPU.Build.0 = Release|Any CPU
		{B34E21A2-5F84-4EB1-B142-7442280B89A4}.Debug|Any CPU.ActiveCfg = Debug|Any CPU
		{B34E21A2-5F84-4EB1-B142-7442280B89A4}.Debug|Any CPU.Build.0 = Debug|Any CPU
		{B34E21A2-5F84-4EB1-B142-7442280B89A4}.Release|Any CPU.ActiveCfg = Release|Any CPU
		{B34E21A2-5F84-4EB1-B142-7442280B89A4}.Release|Any CPU.Build.0 = Release|Any CPU
		{993F8A55-A020-4862-8F70-5E80F18959BF}.Debug|Any CPU.ActiveCfg = Debug|Any CPU
		{993F8A55-A020-4862-8F70-5E80F18959BF}.Debug|Any CPU.Build.0 = Debug|Any CPU
		{993F8A55-A020-4862-8F70-5E80F18959BF}.Release|Any CPU.ActiveCfg = Release|Any CPU
		{993F8A55-A020-4862-8F70-5E80F18959BF}.Release|Any CPU.Build.0 = Release|Any CPU
		{ED766934-055C-45C9-8836-3CC2190E7F82}.Debug|Any CPU.ActiveCfg = Debug|Any CPU
		{ED766934-055C-45C9-8836-3CC2190E7F82}.Debug|Any CPU.Build.0 = Debug|Any CPU
		{ED766934-055C-45C9-8836-3CC2190E7F82}.Release|Any CPU.ActiveCfg = Release|Any CPU
		{ED766934-055C-45C9-8836-3CC2190E7F82}.Release|Any CPU.Build.0 = Release|Any CPU
		{F2C8E68C-E885-4BB3-B1FB-B38F9F209C65}.Debug|Any CPU.ActiveCfg = Debug|Any CPU
		{F2C8E68C-E885-4BB3-B1FB-B38F9F209C65}.Debug|Any CPU.Build.0 = Debug|Any CPU
		{F2C8E68C-E885-4BB3-B1FB-B38F9F209C65}.Release|Any CPU.ActiveCfg = Release|Any CPU
		{F2C8E68C-E885-4BB3-B1FB-B38F9F209C65}.Release|Any CPU.Build.0 = Release|Any CPU
	EndGlobalSection
	GlobalSection(SolutionProperties) = preSolution
		HideSolutionNode = FALSE
	EndGlobalSection
	GlobalSection(ExtensibilityGlobals) = postSolution
		SolutionGuid = {60447FCF-9B64-4971-8394-2F560424D500}
	EndGlobalSection
EndGlobal
